{
  "lockfile-version": 1,
  "manifest": {
    "version": 1,
    "install": {
      "helm": {
        "pkg-path": "helm",
        "systems": [
          "aarch64-linux",
          "x86_64-linux"
        ]
      },
      "k9s": {
        "pkg-path": "k9s"
      },
      "tilt": {
        "pkg-path": "tilt"
      }
    },
    "hook": {},
    "profile": {},
    "options": {}
  },
  "packages": [
    {
      "attr_path": "helm",
      "broken": false,
      "derivation": "/nix/store/3sy709naklddkxwx7mrg61r4bk592zsh-helm-0.9.0.drv",
      "description": "Free, cross-platform, polyphonic synthesizer",
      "install_id": "helm",
      "license": "GPL-3.0-or-later",
      "locked_url": "https://github.com/flox/nixpkgs?rev=6a08e6bb4e46ff7fcbb53d409b253f6bad8a28ce",
      "name": "helm-0.9.0",
      "pname": "helm",
      "rev": "6a08e6bb4e46ff7fcbb53d409b253f6bad8a28ce",
      "rev_count": 883951,
      "rev_date": "2025-10-25T06:24:58Z",
      "scrape_date": "2025-10-27T02:18:43.238784Z",
      "stabilities": [
        "unstable"
      ],
      "unfree": false,
      "version": "0.9.0",
      "outputs_to_install": [
        "out"
      ],
      "outputs": {
        "out": "/nix/store/kp7daavy7wqyy7kfr1gi521r9h2d26b9-helm-0.9.0"
      },
      "system": "aarch64-linux",
      "group": "toplevel",
      "priority": 5
    },
    {
      "attr_path": "helm",
      "broken": false,
      "derivation": "/nix/store/qj735cyi570c00lk5jacvphsfdfxx5py-helm-0.9.0.drv",
      "description": "Free, cross-platform, polyphonic synthesizer",
      "install_id": "helm",
      "license": "GPL-3.0-or-later",
      "locked_url": "https://github.com/flox/nixpkgs?rev=6a08e6bb4e46ff7fcbb53d409b253f6bad8a28ce",
      "name": "helm-0.9.0",
      "pname": "helm",
      "rev": "6a08e6bb4e46ff7fcbb53d409b253f6bad8a28ce",
      "rev_count": 883951,
      "rev_date": "2025-10-25T06:24:58Z",
      "scrape_date": "2025-10-27T03:01:12.886093Z",
      "stabilities": [
        "unstable"
      ],
      "unfree": false,
      "version": "0.9.0",
      "outputs_to_install": [
        "out"
      ],
      "outputs": {
        "out": "/nix/store/k32494sc6mmcx47rg26jijl56j5az3pb-helm-0.9.0"
      },
      "system": "x86_64-linux",
      "group": "toplevel",
      "priority": 5
    },
    {
      "attr_path": "k9s",
      "broken": false,
      "derivation": "/nix/store/mk1dda2ivk62m4fp61jlw3g3rbc01hfy-k9s-0.50.16.drv",
      "description": "Kubernetes CLI To Manage Your Clusters In Style",
      "install_id": "k9s",
      "license": "Apache-2.0",
      "locked_url": "https://github.com/flox/nixpkgs?rev=6a08e6bb4e46ff7fcbb53d409b253f6bad8a28ce",
      "name": "k9s-0.50.16",
      "pname": "k9s",
      "rev": "6a08e6bb4e46ff7fcbb53d409b253f6bad8a28ce",
      "rev_count": 883951,
      "rev_date": "2025-10-25T06:24:58Z",
      "scrape_date": "2025-10-27T02:08:30.531205Z",
      "stabilities": [
        "unstable"
      ],
      "unfree": false,
      "version": "0.50.16",
      "outputs_to_install": [
        "out"
      ],
      "outputs": {
        "out": "/nix/store/cz49h4g7ijad6v0sspwbl9pmap7nq6g4-k9s-0.50.16"
      },
      "system": "aarch64-darwin",
      "group": "toplevel",
      "priority": 5
    },
    {
      "attr_path": "k9s",
      "broken": false,
      "derivation": "/nix/store/xq8wna18adfvlv9j5mq72lzb8k4hddqj-k9s-0.50.16.drv",
      "description": "Kubernetes CLI To Manage Your Clusters In Style",
      "install_id": "k9s",
      "license": "Apache-2.0",
      "locked_url": "https://github.com/flox/nixpkgs?rev=6a08e6bb4e46ff7fcbb53d409b253f6bad8a28ce",
      "name": "k9s-0.50.16",
      "pname": "k9s",
      "rev": "6a08e6bb4e46ff7fcbb53d409b253f6bad8a28ce",
      "rev_count": 883951,
      "rev_date": "2025-10-25T06:24:58Z",
      "scrape_date": "2025-10-27T02:18:46.724889Z",
      "stabilities": [
        "unstable"
      ],
      "unfree": false,
      "version": "0.50.16",
      "outputs_to_install": [
        "out"
      ],
      "outputs": {
        "out": "/nix/store/cxx8hv35wsjp6p7lcwb5aq2rdsjgc9r2-k9s-0.50.16"
      },
      "system": "aarch64-linux",
      "group": "toplevel",
      "priority": 5
    },
    {
      "attr_path": "k9s",
      "broken": false,
      "derivation": "/nix/store/4j37fl6bcqlxsl0zijah7mj0rsjlz4jh-k9s-0.50.16.drv",
      "description": "Kubernetes CLI To Manage Your Clusters In Style",
      "install_id": "k9s",
      "license": "Apache-2.0",
      "locked_url": "https://github.com/flox/nixpkgs?rev=6a08e6bb4e46ff7fcbb53d409b253f6bad8a28ce",
      "name": "k9s-0.50.16",
      "pname": "k9s",
      "rev": "6a08e6bb4e46ff7fcbb53d409b253f6bad8a28ce",
      "rev_count": 883951,
      "rev_date": "2025-10-25T06:24:58Z",
      "scrape_date": "2025-10-27T02:29:36.531762Z",
      "stabilities": [
        "unstable"
      ],
      "unfree": false,
      "version": "0.50.16",
      "outputs_to_install": [
        "out"
      ],
      "outputs": {
        "out": "/nix/store/623s8gir71xn84gdjffbbxfpbi9xzzpy-k9s-0.50.16"
      },
      "system": "x86_64-darwin",
      "group": "toplevel",
      "priority": 5
    },
    {
      "attr_path": "k9s",
      "broken": false,
      "derivation": "/nix/store/a4izy8ynkiwx5fqnqgp782qaqxd6sviw-k9s-0.50.16.drv",
      "description": "Kubernetes CLI To Manage Your Clusters In Style",
      "install_id": "k9s",
      "license": "Apache-2.0",
      "locked_url": "https://github.com/flox/nixpkgs?rev=6a08e6bb4e46ff7fcbb53d409b253f6bad8a28ce",
      "name": "k9s-0.50.16",
      "pname": "k9s",
      "rev": "6a08e6bb4e46ff7fcbb53d409b253f6bad8a28ce",
      "rev_count": 883951,
      "rev_date": "2025-10-25T06:24:58Z",
      "scrape_date": "2025-10-27T03:01:16.553528Z",
      "stabilities": [
        "unstable"
      ],
      "unfree": false,
      "version": "0.50.16",
      "outputs_to_install": [
        "out"
      ],
      "outputs": {
        "out": "/nix/store/pd3klybar1m37ny0wwr623x511lx29gp-k9s-0.50.16"
      },
      "system": "x86_64-linux",
      "group": "toplevel",
      "priority": 5
    },
    {
      "attr_path": "tilt",
      "broken": false,
      "derivation": "/nix/store/36mysx3c51bbpb3srnkn27q4jfk1f6hs-tilt-0.35.1.drv",
      "description": "Local development tool to manage your developer instance when your team deploys to Kubernetes in production",
      "install_id": "tilt",
      "license": "Apache-2.0",
      "locked_url": "https://github.com/flox/nixpkgs?rev=6a08e6bb4e46ff7fcbb53d409b253f6bad8a28ce",
      "name": "tilt-0.35.1",
      "pname": "tilt",
      "rev": "6a08e6bb4e46ff7fcbb53d409b253f6bad8a28ce",
      "rev_count": 883951,
      "rev_date": "2025-10-25T06:24:58Z",
      "scrape_date": "2025-10-27T02:10:21.143284Z",
      "stabilities": [
        "unstable"
      ],
      "unfree": false,
      "version": "0.35.1",
      "outputs_to_install": [
        "out"
      ],
      "outputs": {
        "out": "/nix/store/h5y23whqmnk4z5pv46djfxkzl9kgc7hr-tilt-0.35.1"
      },
      "system": "aarch64-darwin",
      "group": "toplevel",
      "priority": 5
    },
    {
      "attr_path": "tilt",
      "broken": false,
      "derivation": "/nix/store/fbrqv0fwql771bgfqv7b2lb9g8jkhkrz-tilt-0.35.1.drv",
      "description": "Local development tool to manage your developer instance when your team deploys to Kubernetes in production",
      "install_id": "tilt",
      "license": "Apache-2.0",
      "locked_url": "https://github.com/flox/nixpkgs?rev=6a08e6bb4e46ff7fcbb53d409b253f6bad8a28ce",
      "name": "tilt-0.35.1",
      "pname": "tilt",
      "rev": "6a08e6bb4e46ff7fcbb53d409b253f6bad8a28ce",
      "rev_count": 883951,
      "rev_date": "2025-10-25T06:24:58Z",
      "scrape_date": "2025-10-27T02:21:21.966504Z",
      "stabilities": [
        "unstable"
      ],
      "unfree": false,
      "version": "0.35.1",
      "outputs_to_install": [
        "out"
      ],
      "outputs": {
        "out": "/nix/store/pbnp6mws74sj9lf7ffp14kfmqwh660kz-tilt-0.35.1"
      },
      "system": "aarch64-linux",
      "group": "toplevel",
      "priority": 5
    },
    {
      "attr_path": "tilt",
      "broken": false,
      "derivation": "/nix/store/jflwi0zvh0d8s6vwfyn6dha98c6pp6f1-tilt-0.35.1.drv",
      "description": "Local development tool to manage your developer instance when your team deploys to Kubernetes in production",
      "install_id": "tilt",
      "license": "Apache-2.0",
      "locked_url": "https://github.com/flox/nixpkgs?rev=6a08e6bb4e46ff7fcbb53d409b253f6bad8a28ce",
      "name": "tilt-0.35.1",
      "pname": "tilt",
      "rev": "6a08e6bb4e46ff7fcbb53d409b253f6bad8a28ce",
      "rev_count": 883951,
      "rev_date": "2025-10-25T06:24:58Z",
      "scrape_date": "2025-10-27T02:31:22.745325Z",
      "stabilities": [
        "unstable"
      ],
      "unfree": false,
      "version": "0.35.1",
      "outputs_to_install": [
        "out"
      ],
      "outputs": {
        "out": "/nix/store/sviqmyxrqqq1pnxam1afmdkkfwq723q3-tilt-0.35.1"
      },
      "system": "x86_64-darwin",
      "group": "toplevel",
      "priority": 5
    },
    {
      "attr_path": "tilt",
      "broken": false,
      "derivation": "/nix/store/7lv0ii4wavv3bcqa9qyaywv31dmphpjg-tilt-0.35.1.drv",
      "description": "Local development tool to manage your developer instance when your team deploys to Kubernetes in production",
      "install_id": "tilt",
      "license": "Apache-2.0",
      "locked_url": "https://github.com/flox/nixpkgs?rev=6a08e6bb4e46ff7fcbb53d409b253f6bad8a28ce",
      "name": "tilt-0.35.1",
      "pname": "tilt",
      "rev": "6a08e6bb4e46ff7fcbb53d409b253f6bad8a28ce",
      "rev_count": 883951,
      "rev_date": "2025-10-25T06:24:58Z",
      "scrape_date": "2025-10-27T03:03:55.578623Z",
      "stabilities": [
        "unstable"
      ],
      "unfree": false,
      "version": "0.35.1",
      "outputs_to_install": [
        "out"
      ],
      "outputs": {
        "out": "/nix/store/2px0h5k8m0d8m1jlmnxrpch7lvmsazbb-tilt-0.35.1"
      },
      "system": "x86_64-linux",
      "group": "toplevel",
      "priority": 5
    }
  ]
}